{
    "_meta": {
        "hash": {
            "sha256": "ac854e9cf452bfb223aa2bb95b0ad7f16afd8ab7f653e9a7294a8b686f21cb03"
        },
        "pipfile-spec": 6,
        "requires": {
            "python_version": "3.6"
        },
        "sources": [
            {
                "name": "pypi",
                "url": "https://pypi.org/simple",
                "verify_ssl": true
            }
        ]
    },
    "default": {
        "avideo-dl": {
            "path": "."
        }
    },
    "develop": {}
}
